
Microsoft Visual Studio Solution File, Format Version 12.00
# Visual Studio Version 16
VisualStudioVersion = 16.0.32901.82
MinimumVisualStudioVersion = 10.0.40219.1
Project("{FAE04EC0-301F-11D3-BF4B-00C04F79EFBC}") = "Tema2-CuadrosTexto", "Tema2-CuadrosTexto\Tema2-CuadrosTexto.csproj", "{5F3DD2C8-00C0-46A6-9DD0-B63C8EBF8027}"
EndProject
Global
	GlobalSection(SolutionConfigurationPlatforms) = preSolution
		Debug|Any CPU = Debug|Any CPU
		Release|Any CPU = Release|Any CPU
	EndGlobalSection
	GlobalSection(ProjectConfigurationPlatforms) = postSolution
		{5F3DD2C8-00C0-46A6-9DD0-B63C8EBF8027}.Debug|Any CPU.ActiveCfg = Debug|Any CPU
		{5F3DD2C8-00C0-46A6-9DD0-B63C8EBF8027}.Debug|Any CPU.Build.0 = Debug|Any CPU
		{5F3DD2C8-00C0-46A6-9DD0-B63C8EBF8027}.Release|Any CPU.ActiveCfg = Release|Any CPU
		{5F3DD2C8-00C0-46A6-9DD0-B63C8EBF8027}.Release|Any CPU.Build.0 = Release|Any CPU
	EndGlobalSection
	GlobalSection(SolutionProperties) = preSolution
		HideSolutionNode = FALSE
	EndGlobalSection
	GlobalSection(ExtensibilityGlobals) = postSolution
		SolutionGuid = {12C0706F-17FB-4AC9-8A73-AD921B8876D4}
	EndGlobalSection
EndGlobal
